<?xml version="1.0" encoding="utf-8"?>
<Project name="ProjectLoader.dproj" version="alpha">
    <ProjectProperties>
        <working_directory>22 serialization::archive 4 0 0 1 0 36 22 serialization::archive 4 0 0 2 ./</working_directory>
        <type>22 serialization::archive 4 0 0 1 0 41 22 serialization::archive 4 0 0 7 library</type>
        <text>22 serialization::archive 4 0 0 1 0 29 22 serialization::archive 4 1</text>
        <symbolic>22 serialization::archive 4 0 0 1 0 76 22 serialization::archive 4 0 0 41 ProjectLoader/Project/ProjectLoader.dproj</symbolic>
        <startup>22 serialization::archive 4 0 0 1 0 62 22 serialization::archive 4 0 0 27 ..\Source\ProjectLoader.dsc</startup>
        <output_path>22 serialization::archive 4 0 0 1 0 40 22 serialization::archive 4 0 0 6 ../Lib</output_path>
        <libs>22 serialization::archive 4 0 0 1 0 34 22 serialization::archive 4 0 0 0 </libs>
        <icode>22 serialization::archive 4 0 0 1 0 29 22 serialization::archive 4 1</icode>
        <hostd>22 serialization::archive 4 0 0 1 0 34 22 serialization::archive 4 0 0 0 </hostd>
        <host>22 serialization::archive 4 0 0 1 0 34 22 serialization::archive 4 0 0 0 </host>
        <debug>22 serialization::archive 4 0 0 1 0 29 22 serialization::archive 4 1</debug>
        <collapsed>22 serialization::archive 4 0 0 1 0 29 22 serialization::archive 4 0</collapsed>
        <argsd>22 serialization::archive 4 0 0 1 0 34 22 serialization::archive 4 0 0 0 </argsd>
        <args>22 serialization::archive 4 0 0 1 0 34 22 serialization::archive 4 0 0 0 </args>
    </ProjectProperties>
    <Child type="Script" name="..\Source\ProjectLoader.dsc">
        <ScriptProperties>
            <working_directory>22 serialization::archive 4 0 0 1 0 36 22 serialization::archive 4 0 0 2 ./</working_directory>
            <text>22 serialization::archive 4 0 0 1 0 29 22 serialization::archive 4 1</text>
            <symbolic>22 serialization::archive 4 0 0 1 0 73 22 serialization::archive 4 0 0 38 ProjectLoader/Source/ProjectLoader.dsc</symbolic>
            <output_path>22 serialization::archive 4 0 0 1 0 40 22 serialization::archive 4 0 0 6 ../Lib</output_path>
            <libs>22 serialization::archive 4 0 0 1 0 34 22 serialization::archive 4 0 0 0 </libs>
            <icode>22 serialization::archive 4 0 0 1 0 29 22 serialization::archive 4 1</icode>
            <debug>22 serialization::archive 4 0 0 1 0 29 22 serialization::archive 4 1</debug>
            <collapsed>22 serialization::archive 4 0 0 1 0 29 22 serialization::archive 4 0</collapsed>
        </ScriptProperties>
    </Child>
    <Child type="Script" name="..\Source\MicrosoftVisualStudioProjectFileReader.dsc">
        <ScriptProperties>
            <working_directory>22 serialization::archive 4 0 0 1 0 36 22 serialization::archive 4 0 0 2 ./</working_directory>
            <text>22 serialization::archive 4 0 0 1 0 29 22 serialization::archive 4 1</text>
            <symbolic>22 serialization::archive 4 0 0 1 0 98 22 serialization::archive 4 0 0 63 ProjectLoader/Source/MicrosoftVisualStudioProjectFileReader.dsc</symbolic>
            <output_path>22 serialization::archive 4 0 0 1 0 40 22 serialization::archive 4 0 0 6 ../Lib</output_path>
            <libs>22 serialization::archive 4 0 0 1 0 34 22 serialization::archive 4 0 0 0 </libs>
            <icode>22 serialization::archive 4 0 0 1 0 29 22 serialization::archive 4 1</icode>
            <debug>22 serialization::archive 4 0 0 1 0 29 22 serialization::archive 4 1</debug>
            <collapsed>22 serialization::archive 4 0 0 1 0 29 22 serialization::archive 4 0</collapsed>
        </ScriptProperties>
    </Child>
</Project>
