<?xml version="1.0" encoding="utf-8"?>
<Project name="ProjectLoader.dproj" version="alpha">
    <ProjectProperties>
        <working_directory>./</working_directory>
        <text>1</text>
        <symbolic>ProjectLoader/Project/ProjectLoader.dproj</symbolic>
        <startup>..\Source\ProjectLoader.dsc</startup>
        <output_path>../Lib</output_path>
        <libs></libs>
        <icode>1</icode>
        <hostd></hostd>
        <host></host>
        <deployment>0</deployment>
        <debug>1</debug>
        <collapsed>0</collapsed>
        <bytecode_path></bytecode_path>
        <argsd></argsd>
        <args></args>
    </ProjectProperties>
    <Child type="Script" name="..\Source\ProjectLoader.dsc">
        <ScriptProperties>
            <working_directory>./</working_directory>
            <text>1</text>
            <symbolic>ProjectLoader/Source/ProjectLoader.dsc</symbolic>
            <output_path>../Lib</output_path>
            <libs></libs>
            <icode>1</icode>
            <deployment>1</deployment>
            <debug>1</debug>
            <collapsed>0</collapsed>
            <bytecode_path></bytecode_path>
        </ScriptProperties>
    </Child>
    <Child type="Script" name="..\Source\MicrosoftVisualStudioProjectFileReader.dsc">
        <ScriptProperties>
            <working_directory>./</working_directory>
            <text>1</text>
            <symbolic>ProjectLoader/Source/MicrosoftVisualStudioProjectFileReader.dsc</symbolic>
            <output_path>../Lib</output_path>
            <libs></libs>
            <icode>1</icode>
            <deployment>1</deployment>
            <debug>1</debug>
            <collapsed>0</collapsed>
            <bytecode_path></bytecode_path>
        </ScriptProperties>
    </Child>
</Project>
