
Microsoft Visual Studio Solution File, Format Version 10.00
# Visual Studio 2008
Project("{8BC9CEB8-8B4A-11D0-8D11-00A0C91BC942}") = "isiapp_VS", "isiapp\Project\isiapp_VS\isiapp_VS.vcproj", "{F6459465-11D4-4CFD-99B9-5D8BDC5B598C}"
EndProject
Project("{8BC9CEB8-8B4A-11D0-8D11-00A0C91BC942}") = "isidll_VS", "isidll\Project\isidll_VS\isidll_VS.vcproj", "{E67531FD-67A7-4A61-A098-945EAA03DC89}"
EndProject
Project("{8BC9CEB8-8B4A-11D0-8D11-00A0C91BC942}") = "isistatic_VS", "isistatic\Project\isistatic_VS\isistatic_VS.vcproj", "{2BC9A5B4-DE5D-4855-ACB7-A6835190C0D7}"
EndProject
Global
	GlobalSection(SolutionConfigurationPlatforms) = preSolution
		Debug|Win32 = Debug|Win32
		Release|Win32 = Release|Win32
	EndGlobalSection
	GlobalSection(ProjectConfigurationPlatforms) = postSolution
		{F6459465-11D4-4CFD-99B9-5D8BDC5B598C}.Debug|Win32.ActiveCfg = Debug|Win32
		{F6459465-11D4-4CFD-99B9-5D8BDC5B598C}.Debug|Win32.Build.0 = Debug|Win32
		{F6459465-11D4-4CFD-99B9-5D8BDC5B598C}.Release|Win32.ActiveCfg = Release|Win32
		{F6459465-11D4-4CFD-99B9-5D8BDC5B598C}.Release|Win32.Build.0 = Release|Win32
		{E67531FD-67A7-4A61-A098-945EAA03DC89}.Debug|Win32.ActiveCfg = Debug|Win32
		{E67531FD-67A7-4A61-A098-945EAA03DC89}.Debug|Win32.Build.0 = Debug|Win32
		{E67531FD-67A7-4A61-A098-945EAA03DC89}.Release|Win32.ActiveCfg = Release|Win32
		{E67531FD-67A7-4A61-A098-945EAA03DC89}.Release|Win32.Build.0 = Release|Win32
		{2BC9A5B4-DE5D-4855-ACB7-A6835190C0D7}.Debug|Win32.ActiveCfg = Debug|Win32
		{2BC9A5B4-DE5D-4855-ACB7-A6835190C0D7}.Debug|Win32.Build.0 = Debug|Win32
		{2BC9A5B4-DE5D-4855-ACB7-A6835190C0D7}.Release|Win32.ActiveCfg = Release|Win32
		{2BC9A5B4-DE5D-4855-ACB7-A6835190C0D7}.Release|Win32.Build.0 = Release|Win32
	EndGlobalSection
	GlobalSection(SolutionProperties) = preSolution
		HideSolutionNode = FALSE
	EndGlobalSection
EndGlobal
