<?xml version="1.0" encoding="utf-8"?>
<Project name="Util.dproj" version="alpha">
    <ProjectProperties>
        <working_directory>22 serialization::archive 4 0 0 1 0 36 22 serialization::archive 4 0 0 2 ./</working_directory>
        <type>22 serialization::archive 4 0 0 1 0 41 22 serialization::archive 4 0 0 7 console</type>
        <text>22 serialization::archive 4 0 0 1 0 29 22 serialization::archive 4 1</text>
        <symbolic>22 serialization::archive 4 0 0 1 0 58 22 serialization::archive 4 0 0 23 Util/Project/Util.dproj</symbolic>
        <startup>22 serialization::archive 4 0 0 1 0 53 22 serialization::archive 4 0 0 18 ..\Source\util.dsc</startup>
        <output_path>22 serialization::archive 4 0 0 1 0 40 22 serialization::archive 4 0 0 6 ../Lib</output_path>
        <libs>22 serialization::archive 4 0 0 1 0 34 22 serialization::archive 4 0 0 0 </libs>
        <icode>22 serialization::archive 4 0 0 1 0 29 22 serialization::archive 4 1</icode>
        <hostd>22 serialization::archive 4 0 0 1 0 34 22 serialization::archive 4 0 0 0 </hostd>
        <host>22 serialization::archive 4 0 0 1 0 34 22 serialization::archive 4 0 0 0 </host>
        <funcfile>22 serialization::archive 4 0 0 1 0 34 22 serialization::archive 4 0 0 0 </funcfile>
        <debug>22 serialization::archive 4 0 0 1 0 29 22 serialization::archive 4 1</debug>
        <collapsed>22 serialization::archive 4 0 0 1 0 29 22 serialization::archive 4 0</collapsed>
        <argsd>22 serialization::archive 4 0 0 1 0 34 22 serialization::archive 4 0 0 0 </argsd>
        <args>22 serialization::archive 4 0 0 1 0 34 22 serialization::archive 4 0 0 0 </args>
    </ProjectProperties>
    <Child type="Script">..\Source\util.dsc</Child>
</Project>
